Microsoft Visual Studio Solution File, Format Version 12.00
# Visual Studio 2012
Project("{FAE04EC0-301F-11D3-BF4B-00C04F79EFBC}") = "Project Light Festival", "Project Light Festival.csproj", "{E52DBEFF-D82F-4182-AA59-FC8484892FE0}"
EndProject
Global
	GlobalSection(SolutionConfigurationPlatforms) = preSolution
	Debug|Any CPU = Debug|Any CPU
	ExportDebug|Any CPU = ExportDebug|Any CPU
	ExportRelease|Any CPU = ExportRelease|Any CPU
	EndGlobalSection
	GlobalSection(ProjectConfigurationPlatforms) = postSolution
		{E52DBEFF-D82F-4182-AA59-FC8484892FE0}.Debug|Any CPU.ActiveCfg = Debug|Any CPU
		{E52DBEFF-D82F-4182-AA59-FC8484892FE0}.Debug|Any CPU.Build.0 = Debug|Any CPU
		{E52DBEFF-D82F-4182-AA59-FC8484892FE0}.ExportDebug|Any CPU.ActiveCfg = ExportDebug|Any CPU
		{E52DBEFF-D82F-4182-AA59-FC8484892FE0}.ExportDebug|Any CPU.Build.0 = ExportDebug|Any CPU
		{E52DBEFF-D82F-4182-AA59-FC8484892FE0}.ExportRelease|Any CPU.ActiveCfg = ExportRelease|Any CPU
		{E52DBEFF-D82F-4182-AA59-FC8484892FE0}.ExportRelease|Any CPU.Build.0 = ExportRelease|Any CPU
	EndGlobalSection
EndGlobal
